
Microsoft Visual Studio Solution File, Format Version 12.00
# Visual Studio Version 17
VisualStudioVersion = 17.3.32922.545
MinimumVisualStudioVersion = 10.0.40219.1
Project("{FAE04EC0-301F-11D3-BF4B-00C04F79EFBC}") = "MyFirstCoreMVC", "MyFirstCoreMVC.csproj", "{9381B36A-0927-461F-BCF4-7D9F9A25DF16}"
EndProject
Global
	GlobalSection(SolutionConfigurationPlatforms) = preSolution
		Debug|Any CPU = Debug|Any CPU
		Release|Any CPU = Release|Any CPU
	EndGlobalSection
	GlobalSection(ProjectConfigurationPlatforms) = postSolution
		{9381B36A-0927-461F-BCF4-7D9F9A25DF16}.Debug|Any CPU.ActiveCfg = Debug|Any CPU
		{9381B36A-0927-461F-BCF4-7D9F9A25DF16}.Debug|Any CPU.Build.0 = Debug|Any CPU
		{9381B36A-0927-461F-BCF4-7D9F9A25DF16}.Release|Any CPU.ActiveCfg = Release|Any CPU
		{9381B36A-0927-461F-BCF4-7D9F9A25DF16}.Release|Any CPU.Build.0 = Release|Any CPU
	EndGlobalSection
	GlobalSection(SolutionProperties) = preSolution
		HideSolutionNode = FALSE
	EndGlobalSection
	GlobalSection(ExtensibilityGlobals) = postSolution
		SolutionGuid = {7C6CB169-2D26-4BE9-ABB1-D250F25AEB7A}
	EndGlobalSection
EndGlobal
